<?xml version="1.0" encoding="utf-8"?>
<Project ToolsVersion="16.0" xmlns="http://schemas.microsoft.com/developer/msbuild/2003">
  <ItemGroup>
    <ClCompile Include="C:\Users\Kris\Documents\coding\RLBot\ML\SuperSonicML\CMakeFiles\SuperSonicML.dir\cmake_pch.cxx">
      <Filter>Source Files</Filter>
    </ClCompile>
    <ClCompile Include="C:\Users\Kris\Documents\coding\RLBot\ML\SuperSonicML\src\GameData.cpp">
      <Filter>Source Files</Filter>
    </ClCompile>
    <ClCompile Include="C:\Users\Kris\Documents\coding\RLBot\ML\SuperSonicML\src\Hooks.cpp">
      <Filter>Source Files</Filter>
    </ClCompile>
    <ClCompile Include="C:\Users\Kris\Documents\coding\RLBot\ML\SuperSonicML\src\SuperSonicML.cpp">
      <Filter>Source Files</Filter>
    </ClCompile>
    <ClCompile Include="C:\Users\Kris\Documents\coding\RLBot\ML\SuperSonicML\src\bots\BotClass.cpp">
      <Filter>Source Files</Filter>
    </ClCompile>
    <ClCompile Include="C:\Users\Kris\Documents\coding\RLBot\ML\SuperSonicML\src\bots\AtbaBot.cpp">
      <Filter>Source Files</Filter>
    </ClCompile>
    <ClCompile Include="C:\Users\Kris\Documents\coding\RLBot\ML\SuperSonicML\src\bots\AerialAtbaBot.cpp">
      <Filter>Source Files</Filter>
    </ClCompile>
    <ClCompile Include="C:\Users\Kris\Documents\coding\RLBot\ML\SuperSonicML\src\experiments\Experiment.cpp">
      <Filter>Source Files</Filter>
    </ClCompile>
    <ClCompile Include="C:\Users\Kris\Documents\coding\RLBot\ML\SuperSonicML\src\experiments\agent.cpp">
      <Filter>Source Files</Filter>
    </ClCompile>
    <ClCompile Include="C:\Users\Kris\Documents\coding\RLBot\ML\SuperSonicML\src\experiments\ddpgModel.cpp">
      <Filter>Source Files</Filter>
    </ClCompile>
    <ClCompile Include="C:\Users\Kris\Documents\coding\RLBot\ML\SuperSonicML\src\experiments\environment.cpp">
      <Filter>Source Files</Filter>
    </ClCompile>
    <ClCompile Include="C:\Users\Kris\Documents\coding\RLBot\ML\SuperSonicML\src\experiments\environmentReward.cpp">
      <Filter>Source Files</Filter>
    </ClCompile>
    <ClCompile Include="C:\Users\Kris\Documents\coding\RLBot\ML\SuperSonicML\src\experiments\mainML.cpp">
      <Filter>Source Files</Filter>
    </ClCompile>
  </ItemGroup>
  <ItemGroup>
    <ClInclude Include="C:\Users\Kris\Documents\coding\RLBot\ML\SuperSonicML\math\mat.h">
      <Filter>Header Files</Filter>
    </ClInclude>
    <ClInclude Include="C:\Users\Kris\Documents\coding\RLBot\ML\SuperSonicML\math\math.h">
      <Filter>Header Files</Filter>
    </ClInclude>
    <ClInclude Include="C:\Users\Kris\Documents\coding\RLBot\ML\SuperSonicML\math\vec.h">
      <Filter>Header Files</Filter>
    </ClInclude>
    <ClInclude Include="C:\Users\Kris\Documents\coding\RLBot\ML\SuperSonicML\src\Constants.h">
      <Filter>Header Files</Filter>
    </ClInclude>
    <ClInclude Include="C:\Users\Kris\Documents\coding\RLBot\ML\SuperSonicML\src\GameData.h">
      <Filter>Header Files</Filter>
    </ClInclude>
    <ClInclude Include="C:\Users\Kris\Documents\coding\RLBot\ML\SuperSonicML\src\Hooks.h">
      <Filter>Header Files</Filter>
    </ClInclude>
    <ClInclude Include="C:\Users\Kris\Documents\coding\RLBot\ML\SuperSonicML\src\SuperSonicML.h">
      <Filter>Header Files</Filter>
    </ClInclude>
    <ClInclude Include="C:\Users\Kris\Documents\coding\RLBot\ML\SuperSonicML\src\bots\BotClass.h">
      <Filter>Header Files</Filter>
    </ClInclude>
    <ClInclude Include="C:\Users\Kris\Documents\coding\RLBot\ML\SuperSonicML\src\bots\AtbaBot.h">
      <Filter>Header Files</Filter>
    </ClInclude>
    <ClInclude Include="C:\Users\Kris\Documents\coding\RLBot\ML\SuperSonicML\src\bots\AerialAtbaBot.h">
      <Filter>Header Files</Filter>
    </ClInclude>
    <ClInclude Include="C:\Users\Kris\Documents\coding\RLBot\ML\SuperSonicML\src\experiments\Experiment.h">
      <Filter>Header Files</Filter>
    </ClInclude>
    <ClInclude Include="C:\Users\Kris\Documents\coding\RLBot\ML\SuperSonicML\src\experiments\agent.h">
      <Filter>Header Files</Filter>
    </ClInclude>
    <ClInclude Include="C:\Users\Kris\Documents\coding\RLBot\ML\SuperSonicML\src\experiments\ddpgModel.h">
      <Filter>Header Files</Filter>
    </ClInclude>
    <ClInclude Include="C:\Users\Kris\Documents\coding\RLBot\ML\SuperSonicML\src\experiments\environment.h">
      <Filter>Header Files</Filter>
    </ClInclude>
    <ClInclude Include="C:\Users\Kris\Documents\coding\RLBot\ML\SuperSonicML\src\experiments\replayBuffer.h">
      <Filter>Header Files</Filter>
    </ClInclude>
    <ClInclude Include="C:\Users\Kris\Documents\coding\RLBot\ML\SuperSonicML\CMakeFiles\SuperSonicML.dir\Debug\cmake_pch.hxx">
      <Filter>Precompile Header File</Filter>
    </ClInclude>
    <ClInclude Include="C:\Users\Kris\Documents\coding\RLBot\ML\SuperSonicML\CMakeFiles\SuperSonicML.dir\Release\cmake_pch.hxx">
      <Filter>Precompile Header File</Filter>
    </ClInclude>
    <ClInclude Include="C:\Users\Kris\Documents\coding\RLBot\ML\SuperSonicML\CMakeFiles\SuperSonicML.dir\MinSizeRel\cmake_pch.hxx">
      <Filter>Precompile Header File</Filter>
    </ClInclude>
    <ClInclude Include="C:\Users\Kris\Documents\coding\RLBot\ML\SuperSonicML\CMakeFiles\SuperSonicML.dir\RelWithDebInfo\cmake_pch.hxx">
      <Filter>Precompile Header File</Filter>
    </ClInclude>
  </ItemGroup>
  <ItemGroup>
    <CustomBuild Include="C:\Users\Kris\Documents\coding\RLBot\ML\SuperSonicML\CMakeLists.txt" />
  </ItemGroup>
  <ItemGroup>
    <Filter Include="Header Files">
      <UniqueIdentifier>{6758C6C9-3199-3847-9F3D-0BE0553162EC}</UniqueIdentifier>
    </Filter>
    <Filter Include="Precompile Header File">
      <UniqueIdentifier>{35B9B859-8527-3101-A486-8D58A6A06C03}</UniqueIdentifier>
    </Filter>
    <Filter Include="Source Files">
      <UniqueIdentifier>{ED678E21-0819-39F7-836C-2E38E92A69F0}</UniqueIdentifier>
    </Filter>
  </ItemGroup>
</Project>
